
Microsoft Visual Studio Solution File, Format Version 11.00
# Visual Basic Express 2010
Project("{F184B08F-C81C-45F6-A57F-5ABD9991F28F}") = "LaGorditaFeliz", "LaGorditaFeliz\LaGorditaFeliz.vbproj", "{BCF9759B-848A-4EE3-9BE3-52D758AA5493}"
EndProject
Global
	GlobalSection(SolutionConfigurationPlatforms) = preSolution
		Debug|x86 = Debug|x86
		Release|x86 = Release|x86
	EndGlobalSection
	GlobalSection(ProjectConfigurationPlatforms) = postSolution
		{BCF9759B-848A-4EE3-9BE3-52D758AA5493}.Debug|x86.ActiveCfg = Debug|x86
		{BCF9759B-848A-4EE3-9BE3-52D758AA5493}.Debug|x86.Build.0 = Debug|x86
		{BCF9759B-848A-4EE3-9BE3-52D758AA5493}.Release|x86.ActiveCfg = Release|x86
		{BCF9759B-848A-4EE3-9BE3-52D758AA5493}.Release|x86.Build.0 = Release|x86
	EndGlobalSection
	GlobalSection(SolutionProperties) = preSolution
		HideSolutionNode = FALSE
	EndGlobalSection
EndGlobal
